PODS:
  - iOS-Slide-Menu (1.3.0)
  - TOWebViewController (2.0.5)

DEPENDENCIES:
  - iOS-Slide-Menu (~> 1.3.0)
  - TOWebViewController (~> 2.0.5)

SPEC CHECKSUMS:
  iOS-Slide-Menu: cfba92624b7ffce04374ac772e3d07008e52f687
  TOWebViewController: 2fcfe1fcafcbb5e86ce091bac13648a552269516

COCOAPODS: 0.32.1
